
Microsoft Visual Studio Solution File, Format Version 12.00
# Visual Studio 15
VisualStudioVersion = 15.0.27004.2009
MinimumVisualStudioVersion = 10.0.40219.1
Project("{FAE04EC0-301F-11D3-BF4B-00C04F79EFBC}") = "AdminisReport", "AdminisReport\AdminisReport.csproj", "{83E434D8-4C68-4A4F-AA51-65EAC8614554}"
EndProject
Project("{FAE04EC0-301F-11D3-BF4B-00C04F79EFBC}") = "ReportToRun", "ReportToRun\ReportToRun.csproj", "{AF6692A2-E61C-4831-809B-D21DDDE228FC}"
EndProject
Global
	GlobalSection(SolutionConfigurationPlatforms) = preSolution
		Debug|Any CPU = Debug|Any CPU
		Debug|ARM = Debug|ARM
		Debug|x64 = Debug|x64
		Debug|x86 = Debug|x86
		Release|Any CPU = Release|Any CPU
		Release|ARM = Release|ARM
		Release|x64 = Release|x64
		Release|x86 = Release|x86
	EndGlobalSection
	GlobalSection(ProjectConfigurationPlatforms) = postSolution
		{83E434D8-4C68-4A4F-AA51-65EAC8614554}.Debug|Any CPU.ActiveCfg = Debug|Any CPU
		{83E434D8-4C68-4A4F-AA51-65EAC8614554}.Debug|Any CPU.Build.0 = Debug|Any CPU
		{83E434D8-4C68-4A4F-AA51-65EAC8614554}.Debug|ARM.ActiveCfg = Debug|Any CPU
		{83E434D8-4C68-4A4F-AA51-65EAC8614554}.Debug|ARM.Build.0 = Debug|Any CPU
		{83E434D8-4C68-4A4F-AA51-65EAC8614554}.Debug|x64.ActiveCfg = Debug|Any CPU
		{83E434D8-4C68-4A4F-AA51-65EAC8614554}.Debug|x64.Build.0 = Debug|Any CPU
		{83E434D8-4C68-4A4F-AA51-65EAC8614554}.Debug|x86.ActiveCfg = Debug|Any CPU
		{83E434D8-4C68-4A4F-AA51-65EAC8614554}.Debug|x86.Build.0 = Debug|Any CPU
		{83E434D8-4C68-4A4F-AA51-65EAC8614554}.Release|Any CPU.ActiveCfg = Release|Any CPU
		{83E434D8-4C68-4A4F-AA51-65EAC8614554}.Release|Any CPU.Build.0 = Release|Any CPU
		{83E434D8-4C68-4A4F-AA51-65EAC8614554}.Release|ARM.ActiveCfg = Release|Any CPU
		{83E434D8-4C68-4A4F-AA51-65EAC8614554}.Release|ARM.Build.0 = Release|Any CPU
		{83E434D8-4C68-4A4F-AA51-65EAC8614554}.Release|x64.ActiveCfg = Release|Any CPU
		{83E434D8-4C68-4A4F-AA51-65EAC8614554}.Release|x64.Build.0 = Release|Any CPU
		{83E434D8-4C68-4A4F-AA51-65EAC8614554}.Release|x86.ActiveCfg = Release|Any CPU
		{83E434D8-4C68-4A4F-AA51-65EAC8614554}.Release|x86.Build.0 = Release|Any CPU
		{AF6692A2-E61C-4831-809B-D21DDDE228FC}.Debug|Any CPU.ActiveCfg = Debug|Any CPU
		{AF6692A2-E61C-4831-809B-D21DDDE228FC}.Debug|Any CPU.Build.0 = Debug|Any CPU
		{AF6692A2-E61C-4831-809B-D21DDDE228FC}.Debug|ARM.ActiveCfg = Debug|Any CPU
		{AF6692A2-E61C-4831-809B-D21DDDE228FC}.Debug|ARM.Build.0 = Debug|Any CPU
		{AF6692A2-E61C-4831-809B-D21DDDE228FC}.Debug|x64.ActiveCfg = Debug|Any CPU
		{AF6692A2-E61C-4831-809B-D21DDDE228FC}.Debug|x64.Build.0 = Debug|Any CPU
		{AF6692A2-E61C-4831-809B-D21DDDE228FC}.Debug|x86.ActiveCfg = Debug|Any CPU
		{AF6692A2-E61C-4831-809B-D21DDDE228FC}.Debug|x86.Build.0 = Debug|Any CPU
		{AF6692A2-E61C-4831-809B-D21DDDE228FC}.Release|Any CPU.ActiveCfg = Release|Any CPU
		{AF6692A2-E61C-4831-809B-D21DDDE228FC}.Release|Any CPU.Build.0 = Release|Any CPU
		{AF6692A2-E61C-4831-809B-D21DDDE228FC}.Release|ARM.ActiveCfg = Release|Any CPU
		{AF6692A2-E61C-4831-809B-D21DDDE228FC}.Release|ARM.Build.0 = Release|Any CPU
		{AF6692A2-E61C-4831-809B-D21DDDE228FC}.Release|x64.ActiveCfg = Release|Any CPU
		{AF6692A2-E61C-4831-809B-D21DDDE228FC}.Release|x64.Build.0 = Release|Any CPU
		{AF6692A2-E61C-4831-809B-D21DDDE228FC}.Release|x86.ActiveCfg = Release|Any CPU
		{AF6692A2-E61C-4831-809B-D21DDDE228FC}.Release|x86.Build.0 = Release|Any CPU
	EndGlobalSection
	GlobalSection(SolutionProperties) = preSolution
		HideSolutionNode = FALSE
	EndGlobalSection
	GlobalSection(ExtensibilityGlobals) = postSolution
		SolutionGuid = {390EB465-030B-478C-8E59-0FFEC46B8B56}
	EndGlobalSection
EndGlobal
